
Microsoft Visual Studio Solution File, Format Version 12.00
# Visual Studio 15
VisualStudioVersion = 15.0.26430.13
MinimumVisualStudioVersion = 10.0.40219.1
Project("{FAE04EC0-301F-11D3-BF4B-00C04F79EFBC}") = "SampleProject", "SampleProject\SampleProject.csproj", "{6E342C50-4B5C-44E5-ABA2-D8E9ACF94C69}"
EndProject
Project("{FAE04EC0-301F-11D3-BF4B-00C04F79EFBC}") = "SampleProject.Tests", "SampleProject.Tests\SampleProject.Tests.csproj", "{D4075496-752B-4B1C-AADD-5248D3AEB018}"
EndProject
Global
	GlobalSection(SolutionConfigurationPlatforms) = preSolution
		Debug|Any CPU = Debug|Any CPU
		Release|Any CPU = Release|Any CPU
	EndGlobalSection
	GlobalSection(ProjectConfigurationPlatforms) = postSolution
		{6E342C50-4B5C-44E5-ABA2-D8E9ACF94C69}.Debug|Any CPU.ActiveCfg = Debug|Any CPU
		{6E342C50-4B5C-44E5-ABA2-D8E9ACF94C69}.Debug|Any CPU.Build.0 = Debug|Any CPU
		{6E342C50-4B5C-44E5-ABA2-D8E9ACF94C69}.Release|Any CPU.ActiveCfg = Release|Any CPU
		{6E342C50-4B5C-44E5-ABA2-D8E9ACF94C69}.Release|Any CPU.Build.0 = Release|Any CPU
		{D4075496-752B-4B1C-AADD-5248D3AEB018}.Debug|Any CPU.ActiveCfg = Debug|Any CPU
		{D4075496-752B-4B1C-AADD-5248D3AEB018}.Debug|Any CPU.Build.0 = Debug|Any CPU
		{D4075496-752B-4B1C-AADD-5248D3AEB018}.Release|Any CPU.ActiveCfg = Release|Any CPU
		{D4075496-752B-4B1C-AADD-5248D3AEB018}.Release|Any CPU.Build.0 = Release|Any CPU
	EndGlobalSection
	GlobalSection(SolutionProperties) = preSolution
		HideSolutionNode = FALSE
	EndGlobalSection
EndGlobal
